
Microsoft Visual Studio Solution File, Format Version 12.00
# Visual Studio Version 16
VisualStudioVersion = 16.0.30413.136
MinimumVisualStudioVersion = 10.0.40219.1
Project("{9A19103F-16F7-4668-BE54-9A1E7A4F7556}") = "ProductSales.Models", "ProductSales.Models\ProductSales.Models.csproj", "{9C57385C-6004-4EA8-8923-BC97068F84D9}"
EndProject
Project("{9A19103F-16F7-4668-BE54-9A1E7A4F7556}") = "ProductSales.WebApp", "ProductSales.WebApp\ProductSales.WebApp.csproj", "{8B1213F3-1FBA-47A2-A0E0-39DAA099CCDF}"
EndProject
Project("{FAE04EC0-301F-11D3-BF4B-00C04F79EFBC}") = "ProductSales.DataAccess", "ProductSales.DataAccess\ProductSales.DataAccess.csproj", "{AFCDF2CE-FEB4-476D-A669-C10BBAE6504B}"
EndProject
Global
	GlobalSection(SolutionConfigurationPlatforms) = preSolution
		Debug|Any CPU = Debug|Any CPU
		Release|Any CPU = Release|Any CPU
	EndGlobalSection
	GlobalSection(ProjectConfigurationPlatforms) = postSolution
		{9C57385C-6004-4EA8-8923-BC97068F84D9}.Debug|Any CPU.ActiveCfg = Debug|Any CPU
		{9C57385C-6004-4EA8-8923-BC97068F84D9}.Debug|Any CPU.Build.0 = Debug|Any CPU
		{9C57385C-6004-4EA8-8923-BC97068F84D9}.Release|Any CPU.ActiveCfg = Release|Any CPU
		{9C57385C-6004-4EA8-8923-BC97068F84D9}.Release|Any CPU.Build.0 = Release|Any CPU
		{8B1213F3-1FBA-47A2-A0E0-39DAA099CCDF}.Debug|Any CPU.ActiveCfg = Debug|Any CPU
		{8B1213F3-1FBA-47A2-A0E0-39DAA099CCDF}.Debug|Any CPU.Build.0 = Debug|Any CPU
		{8B1213F3-1FBA-47A2-A0E0-39DAA099CCDF}.Release|Any CPU.ActiveCfg = Release|Any CPU
		{8B1213F3-1FBA-47A2-A0E0-39DAA099CCDF}.Release|Any CPU.Build.0 = Release|Any CPU
		{AFCDF2CE-FEB4-476D-A669-C10BBAE6504B}.Debug|Any CPU.ActiveCfg = Debug|Any CPU
		{AFCDF2CE-FEB4-476D-A669-C10BBAE6504B}.Debug|Any CPU.Build.0 = Debug|Any CPU
		{AFCDF2CE-FEB4-476D-A669-C10BBAE6504B}.Release|Any CPU.ActiveCfg = Release|Any CPU
		{AFCDF2CE-FEB4-476D-A669-C10BBAE6504B}.Release|Any CPU.Build.0 = Release|Any CPU
	EndGlobalSection
	GlobalSection(SolutionProperties) = preSolution
		HideSolutionNode = FALSE
	EndGlobalSection
	GlobalSection(ExtensibilityGlobals) = postSolution
		SolutionGuid = {889D453C-0857-4A8A-8A4C-30948C26D4C9}
	EndGlobalSection
EndGlobal
